
Microsoft Visual Studio Solution File, Format Version 12.00
# Visual Studio Version 16
VisualStudioVersion = 16.0.29920.165
MinimumVisualStudioVersion = 10.0.40219.1
Project("{FAE04EC0-301F-11D3-BF4B-00C04F79EFBC}") = "Day11-DiameterofBinaryTree", "Day11-DiameterofBinaryTree.csproj", "{AF0C1972-5FE5-4765-A29E-54F98744873B}"
EndProject
Global
	GlobalSection(SolutionConfigurationPlatforms) = preSolution
		Debug|Any CPU = Debug|Any CPU
		Release|Any CPU = Release|Any CPU
	EndGlobalSection
	GlobalSection(ProjectConfigurationPlatforms) = postSolution
		{AF0C1972-5FE5-4765-A29E-54F98744873B}.Debug|Any CPU.ActiveCfg = Debug|Any CPU
		{AF0C1972-5FE5-4765-A29E-54F98744873B}.Debug|Any CPU.Build.0 = Debug|Any CPU
		{AF0C1972-5FE5-4765-A29E-54F98744873B}.Release|Any CPU.ActiveCfg = Release|Any CPU
		{AF0C1972-5FE5-4765-A29E-54F98744873B}.Release|Any CPU.Build.0 = Release|Any CPU
	EndGlobalSection
	GlobalSection(SolutionProperties) = preSolution
		HideSolutionNode = FALSE
	EndGlobalSection
	GlobalSection(ExtensibilityGlobals) = postSolution
		SolutionGuid = {6056E3CF-214E-431D-8208-78B2A57F6822}
	EndGlobalSection
EndGlobal
