
Microsoft Visual Studio Solution File, Format Version 12.00
# Visual Studio Version 16
VisualStudioVersion = 16.0.29926.136
MinimumVisualStudioVersion = 10.0.40219.1
Project("{FAE04EC0-301F-11D3-BF4B-00C04F79EFBC}") = "Day2-HappyNumber", "Day2-HappyNumber.csproj", "{99B9CBB6-A939-4437-B9BD-F8DD02096C5E}"
EndProject
Global
	GlobalSection(SolutionConfigurationPlatforms) = preSolution
		Debug|Any CPU = Debug|Any CPU
		Release|Any CPU = Release|Any CPU
	EndGlobalSection
	GlobalSection(ProjectConfigurationPlatforms) = postSolution
		{99B9CBB6-A939-4437-B9BD-F8DD02096C5E}.Debug|Any CPU.ActiveCfg = Debug|Any CPU
		{99B9CBB6-A939-4437-B9BD-F8DD02096C5E}.Debug|Any CPU.Build.0 = Debug|Any CPU
		{99B9CBB6-A939-4437-B9BD-F8DD02096C5E}.Release|Any CPU.ActiveCfg = Release|Any CPU
		{99B9CBB6-A939-4437-B9BD-F8DD02096C5E}.Release|Any CPU.Build.0 = Release|Any CPU
	EndGlobalSection
	GlobalSection(SolutionProperties) = preSolution
		HideSolutionNode = FALSE
	EndGlobalSection
	GlobalSection(ExtensibilityGlobals) = postSolution
		SolutionGuid = {4A48F4C4-971E-4C1D-B0DA-309432E79FE7}
	EndGlobalSection
EndGlobal
