
Microsoft Visual Studio Solution File, Format Version 12.00
# Visual Studio Version 16
VisualStudioVersion = 16.0.30011.22
MinimumVisualStudioVersion = 10.0.40219.1
Project("{FAE04EC0-301F-11D3-BF4B-00C04F79EFBC}") = "Day26-LongestCommonSubsequence", "Day26-LongestCommonSubsequence.csproj", "{3793CDD4-28D8-4414-A579-5A1DB275D09A}"
EndProject
Global
	GlobalSection(SolutionConfigurationPlatforms) = preSolution
		Debug|Any CPU = Debug|Any CPU
		Release|Any CPU = Release|Any CPU
	EndGlobalSection
	GlobalSection(ProjectConfigurationPlatforms) = postSolution
		{3793CDD4-28D8-4414-A579-5A1DB275D09A}.Debug|Any CPU.ActiveCfg = Debug|Any CPU
		{3793CDD4-28D8-4414-A579-5A1DB275D09A}.Debug|Any CPU.Build.0 = Debug|Any CPU
		{3793CDD4-28D8-4414-A579-5A1DB275D09A}.Release|Any CPU.ActiveCfg = Release|Any CPU
		{3793CDD4-28D8-4414-A579-5A1DB275D09A}.Release|Any CPU.Build.0 = Release|Any CPU
	EndGlobalSection
	GlobalSection(SolutionProperties) = preSolution
		HideSolutionNode = FALSE
	EndGlobalSection
	GlobalSection(ExtensibilityGlobals) = postSolution
		SolutionGuid = {B186B200-DA7A-4C7A-A254-76DF6B274B03}
	EndGlobalSection
EndGlobal
