
Microsoft Visual Studio Solution File, Format Version 12.00
# Visual Studio Version 16
VisualStudioVersion = 16.0.29920.165
MinimumVisualStudioVersion = 10.0.40219.1
Project("{FAE04EC0-301F-11D3-BF4B-00C04F79EFBC}") = "Day5-BestTimeToBuySellStockII", "Day5-BestTimeToBuySellStockII.csproj", "{95B92893-84A4-4731-BDD4-BD183EA9EA36}"
EndProject
Global
	GlobalSection(SolutionConfigurationPlatforms) = preSolution
		Debug|Any CPU = Debug|Any CPU
		Release|Any CPU = Release|Any CPU
	EndGlobalSection
	GlobalSection(ProjectConfigurationPlatforms) = postSolution
		{95B92893-84A4-4731-BDD4-BD183EA9EA36}.Debug|Any CPU.ActiveCfg = Debug|Any CPU
		{95B92893-84A4-4731-BDD4-BD183EA9EA36}.Debug|Any CPU.Build.0 = Debug|Any CPU
		{95B92893-84A4-4731-BDD4-BD183EA9EA36}.Release|Any CPU.ActiveCfg = Release|Any CPU
		{95B92893-84A4-4731-BDD4-BD183EA9EA36}.Release|Any CPU.Build.0 = Release|Any CPU
	EndGlobalSection
	GlobalSection(SolutionProperties) = preSolution
		HideSolutionNode = FALSE
	EndGlobalSection
	GlobalSection(ExtensibilityGlobals) = postSolution
		SolutionGuid = {A6EB832B-81B5-412B-9E0A-B8D37CEC4035}
	EndGlobalSection
EndGlobal
