
Microsoft Visual Studio Solution File, Format Version 12.00
# Visual Studio Version 16
VisualStudioVersion = 16.0.30011.22
MinimumVisualStudioVersion = 10.0.40219.1
Project("{FAE04EC0-301F-11D3-BF4B-00C04F79EFBC}") = "Day27-MaximalSquare", "Day27-MaximalSquare.csproj", "{FFD24E44-C139-47EC-91FB-46DD7C5C9E5E}"
EndProject
Global
	GlobalSection(SolutionConfigurationPlatforms) = preSolution
		Debug|Any CPU = Debug|Any CPU
		Release|Any CPU = Release|Any CPU
	EndGlobalSection
	GlobalSection(ProjectConfigurationPlatforms) = postSolution
		{FFD24E44-C139-47EC-91FB-46DD7C5C9E5E}.Debug|Any CPU.ActiveCfg = Debug|Any CPU
		{FFD24E44-C139-47EC-91FB-46DD7C5C9E5E}.Debug|Any CPU.Build.0 = Debug|Any CPU
		{FFD24E44-C139-47EC-91FB-46DD7C5C9E5E}.Release|Any CPU.ActiveCfg = Release|Any CPU
		{FFD24E44-C139-47EC-91FB-46DD7C5C9E5E}.Release|Any CPU.Build.0 = Release|Any CPU
	EndGlobalSection
	GlobalSection(SolutionProperties) = preSolution
		HideSolutionNode = FALSE
	EndGlobalSection
	GlobalSection(ExtensibilityGlobals) = postSolution
		SolutionGuid = {67DD4FEB-37B5-4ECD-9FE4-3D6CE1B8C80A}
	EndGlobalSection
EndGlobal
