
Microsoft Visual Studio Solution File, Format Version 12.00
# Visual Studio Version 16
VisualStudioVersion = 16.0.29926.136
MinimumVisualStudioVersion = 10.0.40219.1
Project("{FAE04EC0-301F-11D3-BF4B-00C04F79EFBC}") = "Day13-ContiguousArray", "Day13-ContiguousArray.csproj", "{167358FC-4CB7-426A-828E-FD178C68FE45}"
EndProject
Global
	GlobalSection(SolutionConfigurationPlatforms) = preSolution
		Debug|Any CPU = Debug|Any CPU
		Release|Any CPU = Release|Any CPU
	EndGlobalSection
	GlobalSection(ProjectConfigurationPlatforms) = postSolution
		{167358FC-4CB7-426A-828E-FD178C68FE45}.Debug|Any CPU.ActiveCfg = Debug|Any CPU
		{167358FC-4CB7-426A-828E-FD178C68FE45}.Debug|Any CPU.Build.0 = Debug|Any CPU
		{167358FC-4CB7-426A-828E-FD178C68FE45}.Release|Any CPU.ActiveCfg = Release|Any CPU
		{167358FC-4CB7-426A-828E-FD178C68FE45}.Release|Any CPU.Build.0 = Release|Any CPU
	EndGlobalSection
	GlobalSection(SolutionProperties) = preSolution
		HideSolutionNode = FALSE
	EndGlobalSection
	GlobalSection(ExtensibilityGlobals) = postSolution
		SolutionGuid = {019653D9-D056-448A-9050-F97E202A0A6F}
	EndGlobalSection
EndGlobal
